
Microsoft Visual Studio Solution File, Format Version 12.00
# Visual Studio Version 16
VisualStudioVersion = 16.0.31019.35
MinimumVisualStudioVersion = 10.0.40219.1
Project("{FAE04EC0-301F-11D3-BF4B-00C04F79EFBC}") = "Reporting_Interface", "Reporting_Interface\Reporting_Interface.csproj", "{F5206B56-C652-4102-8F23-D7408261BFC3}"
EndProject
Global
	GlobalSection(SolutionConfigurationPlatforms) = preSolution
		Debug|Any CPU = Debug|Any CPU
		Release|Any CPU = Release|Any CPU
	EndGlobalSection
	GlobalSection(ProjectConfigurationPlatforms) = postSolution
		{F5206B56-C652-4102-8F23-D7408261BFC3}.Debug|Any CPU.ActiveCfg = Debug|Any CPU
		{F5206B56-C652-4102-8F23-D7408261BFC3}.Debug|Any CPU.Build.0 = Debug|Any CPU
		{F5206B56-C652-4102-8F23-D7408261BFC3}.Release|Any CPU.ActiveCfg = Release|Any CPU
		{F5206B56-C652-4102-8F23-D7408261BFC3}.Release|Any CPU.Build.0 = Release|Any CPU
	EndGlobalSection
	GlobalSection(SolutionProperties) = preSolution
		HideSolutionNode = FALSE
	EndGlobalSection
	GlobalSection(ExtensibilityGlobals) = postSolution
		SolutionGuid = {8EE31318-9859-48B1-96D8-C237136EBB6B}
	EndGlobalSection
EndGlobal
